lockfileVersion: '9.0'

settings:
  autoInstallPeers: true
  excludeLinksFromLockfile: false

importers:

  .:
    dependencies:
      '@fontsource/ibm-plex-mono':
        specifier: ^5.2.7
        version: 5.3.0
      '@fontsource/ibm-plex-sans':
        specifier: ^5.2.7
        version: 5.3.0
      '@fontsource/newsreader':
        specifier: ^5.2.7
        version: 5.3.0
      playwright:
        specifier: ^1.48.0
        version: 1.63.0

packages:

  '@fontsource/ibm-plex-mono@5.3.0':
    resolution: {integrity: sha512-eTgnZjZEGk1QtD3ZstF+Vclo2HLAni8YMy34/DxllwZvyz1lR/1RF/xTiAquOBO7MvqBx8D2Ig2WCPMVfdZu7Q==}

  '@fontsource/ibm-plex-sans@5.3.0':
    resolution: {integrity: sha512-CbE4CbbEEZJX860XyUiRpsksXIQR8Rp2XDva2VO53NJox9tVNtusrysd2x5YkUEY3ErQ66W1IiiQL8/wihhw5w==}

  '@fontsource/newsreader@5.3.0':
    resolution: {integrity: sha512-AFR6ZKY89GNL+9qBI2P2+66NhD5bhOj/v6fsLnFYLM4E0JnMB1yKb+Ro8cA64i1hwAWoBfTq5CHJGWH1toLDkw==}

  playwright-core@1.63.0:
    resolution: {integrity: sha512-rYCsBF/M5HjUch52bbtVONEFjv6Xu8sm8h72dNlR5bzIE1fvC/bxgspzkjSfU+MweEMmPM8KJebG6nnyxo5mCg==}
    engines: {node: '>=20'}
    hasBin: true

  playwright@1.63.0:
    resolution: {integrity: sha512-+7ziBLidS4NaNCdt57SUDT+wYmmd5fmiQejUic/kb+YsYSCPyOOE9sebzMjNmQrsnNpDJqd4WHvV/8lfKfUDUg==}
    engines: {node: '>=20'}
    hasBin: true

snapshots:

  '@fontsource/ibm-plex-mono@5.3.0': {}

  '@fontsource/ibm-plex-sans@5.3.0': {}

  '@fontsource/newsreader@5.3.0': {}

  playwright-core@1.63.0: {}

  playwright@1.63.0:
    dependencies:
      playwright-core: 1.63.0
